PODS:
  - CardIO (5.4.1)
  - PWAlipayPlugin (3.0.0):
    - PWAlipayPlugin/Alipay (= 3.0.0)
    - PWCoreSDK (>= 3.0.0)
  - PWAlipayPlugin/Alipay (3.0.0):
    - PWCoreSDK (>= 3.0.0)
  - PWCardScannerPlugin (3.0.0):
    - CardIO
    - PWCoreSDK (>= 3.0.0)
  - PWCoreSDK (3.0.0):
    - PWCoreSDK/CoreSDK (= 3.0.0)
  - PWCoreSDK/CoreSDK (3.0.0)
  - PWGameUIPlugin (3.0.0):
    - PWCoreSDK (>= 3.0.0)
  - PWMyCardPlugin (3.0.0):
    - PWCoreSDK (>= 3.0.0)
  - PWWechatpayPlugin (3.0.0):
    - PWCoreSDK (>= 3.0.0)
    - PWWechatpayPlugin/Wechatpay (= 3.0.0)
  - PWWechatpayPlugin/Wechatpay (3.0.0):
    - PWCoreSDK (>= 3.0.0)

DEPENDENCIES:
  - CardIO
  - PWAlipayPlugin (from `.`)
  - PWCardScannerPlugin (from `.`)
  - PWCoreSDK (from `.`)
  - PWGameUIPlugin (from `.`)
  - PWMyCardPlugin (from `.`)
  - PWWechatpayPlugin (from `.`)

EXTERNAL SOURCES:
  PWAlipayPlugin:
    :path: .
  PWCardScannerPlugin:
    :path: .
  PWCoreSDK:
    :path: .
  PWGameUIPlugin:
    :path: .
  PWMyCardPlugin:
    :path: .
  PWWechatpayPlugin:
    :path: .

SPEC CHECKSUMS:
  CardIO: 56983b39b62f495fc6dae9ad7cf875143df06443
  PWAlipayPlugin: 78dc10c51f7773f1ac674eac9ed8116b42474ba3
  PWCardScannerPlugin: 2a3c4992b85782ed2cc2efaa4e01677cf50db4a1
  PWCoreSDK: 443052f9d1c91e877b1757fd9cedc19d337b4f11
  PWGameUIPlugin: 94cb50a2f9e3ff698008c8b314e36d805290a393
  PWMyCardPlugin: e9960d1b874204f1e87194eaa48530def33d1725
  PWWechatpayPlugin: 10272b2e5fa40b36adf5795084e23f9536174c1c

PODFILE CHECKSUM: a586364a0697ab5d6f69699db3127c43ff75867b

COCOAPODS: 1.3.1
