PODS:
  - CardIO (5.4.1)
  - PWAlipayPlugin (2.1.2):
    - PWAlipayPlugin/Alipay (= 2.1.2)
    - PWCoreSDK (>= 2.0.0)
  - PWAlipayPlugin/Alipay (2.1.2):
    - PWCoreSDK (>= 2.0.0)
  - PWCardScannerPlugin (2.1.2):
    - CardIO
    - PWCoreSDK (>= 2.0.0)
  - PWCoreSDK (2.2.0):
    - PWCoreSDK/CoreSDK (= 2.2.0)
  - PWCoreSDK/CoreSDK (2.2.0)
  - PWCustomizationPlugin (2.1.2):
    - PWCoreSDK (>= 2.1.1)
  - PWGameUIPlugin (2.2.0):
    - PWCoreSDK (>= 2.2.0)
  - PWMyCardPlugin (2.1.2):
    - PWCoreSDK (>= 2.0.0)
  - PWWechatpayPlugin (2.1.2):
    - PWCoreSDK (>= 2.0.0)
    - PWWechatpayPlugin/Wechatpay (= 2.1.2)
  - PWWechatpayPlugin/Wechatpay (2.1.2):
    - PWCoreSDK (>= 2.0.0)

DEPENDENCIES:
  - CardIO
  - PWAlipayPlugin (from `.`)
  - PWCardScannerPlugin (from `.`)
  - PWCoreSDK (from `.`)
  - PWCustomizationPlugin (from `.`)
  - PWGameUIPlugin (from `.`)
  - PWMyCardPlugin (from `.`)
  - PWWechatpayPlugin (from `.`)

EXTERNAL SOURCES:
  PWAlipayPlugin:
    :path: .
  PWCardScannerPlugin:
    :path: .
  PWCoreSDK:
    :path: .
  PWCustomizationPlugin:
    :path: .
  PWGameUIPlugin:
    :path: .
  PWMyCardPlugin:
    :path: .
  PWWechatpayPlugin:
    :path: .

SPEC CHECKSUMS:
  CardIO: 56983b39b62f495fc6dae9ad7cf875143df06443
  PWAlipayPlugin: 68d41f09711a2b85301b1ce605c1ff4496dc7767
  PWCardScannerPlugin: 9380fd92384fe29936af3b871d0a0475498d25d7
  PWCoreSDK: d83c659d54c07407dd24beb8fbe86adf2acb89ec
  PWCustomizationPlugin: abe7c2be1831a4a1a8b8ee79c3c383da3b17102b
  PWGameUIPlugin: d4c70a969e98b4ea9eddc592e80ee0bb7b840168
  PWMyCardPlugin: c2f79fbb0a9b27a6f6c24e321f8889959338c329
  PWWechatpayPlugin: 00e3a4e0f031adc6c910890d4c7f895f67b1a6b6

PODFILE CHECKSUM: 87956bf6ba31e4336dddca9477ad1b923a05bd83

COCOAPODS: 1.2.1
